// !$*UTF8*$!
{
	archiveVersion = 1;
	classes = {
	};
	objectVersion = 46;
	objects = {

/* Begin PBXBuildFile section */
		1044BB1D20C41FF400634266 /* AppDelegate.swift in Sources */ = {isa = PBXBuildFile; fileRef = 1044BB1C20C41FF400634266 /* AppDelegate.swift */; };
		1044BB1F20C41FF400634266 /* ViewController.swift in Sources */ = {isa = PBXBuildFile; fileRef = 1044BB1E20C41FF400634266 /* ViewController.swift */; };
		1044BB2520C41FF400634266 /* MessangerApp.xcdatamodeld in Sources */ = {isa = PBXBuildFile; fileRef = 1044BB2320C41FF400634266 /* MessangerApp.xcdatamodeld */; };
		1044BB2720C41FF400634266 /* Assets.xcassets in Resources */ = {isa = PBXBuildFile; fileRef = 1044BB2620C41FF400634266 /* Assets.xcassets */; };
		1044BB2A20C41FF400634266 /* LaunchScreen.storyboard in Resources */ = {isa = PBXBuildFile; fileRef = 1044BB2820C41FF400634266 /* LaunchScreen.storyboard */; };
		10F08F5320C4FB0700583D4E /* FriendsControllerHelper.swift in Sources */ = {isa = PBXBuildFile; fileRef = 10F08F5220C4FB0700583D4E /* FriendsControllerHelper.swift */; };
		10F08F5820C50A8300583D4E /* Friend+CoreDataProperties.swift in Sources */ = {isa = PBXBuildFile; fileRef = 10F08F5420C50A8300583D4E /* Friend+CoreDataProperties.swift */; };
		10F08F5920C50A8300583D4E /* Friend.swift in Sources */ = {isa = PBXBuildFile; fileRef = 10F08F5520C50A8300583D4E /* Friend.swift */; };
		10F08F5A20C50A8300583D4E /* Message+CoreDataProperties.swift in Sources */ = {isa = PBXBuildFile; fileRef = 10F08F5620C50A8300583D4E /* Message+CoreDataProperties.swift */; };
		10F08F5B20C50A8300583D4E /* Message.swift in Sources */ = {isa = PBXBuildFile; fileRef = 10F08F5720C50A8300583D4E /* Message.swift */; };
/* End PBXBuildFile section */

/* Begin PBXFileReference section */
		1044BB1920C41FF400634266 /* MessangerApp.app */ = {isa = PBXFileReference; explicitFileType = wrapper.application; includeInIndex = 0; path = MessangerApp.app; sourceTree = BUILT_PRODUCTS_DIR; };
		1044BB1C20C41FF400634266 /* AppDelegate.swift */ = {isa = PBXFileReference; lastKnownFileType = sourcecode.swift; path = AppDelegate.swift; sourceTree = "<group>"; };
		1044BB1E20C41FF400634266 /* ViewController.swift */ = {isa = PBXFileReference; lastKnownFileType = sourcecode.swift; path = ViewController.swift; sourceTree = "<group>"; };
		1044BB2420C41FF400634266 /* MessangerApp.xcdatamodel */ = {isa = PBXFileReference; lastKnownFileType = wrapper.xcdatamodel; path = MessangerApp.xcdatamodel; sourceTree = "<group>"; };
		1044BB2620C41FF400634266 /* Assets.xcassets */ = {isa = PBXFileReference; lastKnownFileType = folder.assetcatalog; path = Assets.xcassets; sourceTree = "<group>"; };
		1044BB2920C41FF400634266 /* Base */ = {isa = PBXFileReference; lastKnownFileType = file.storyboard; name = Base; path = Base.lproj/LaunchScreen.storyboard; sourceTree = "<group>"; };
		1044BB2B20C41FF400634266 /* Info.plist */ = {isa = PBXFileReference; lastKnownFileType = text.plist.xml; path = Info.plist; sourceTree = "<group>"; };
		10F08F5220C4FB0700583D4E /* FriendsControllerHelper.swift */ = {isa = PBXFileReference; fileEncoding = 4; lastKnownFileType = sourcecode.swift; path = FriendsControllerHelper.swift; sourceTree = "<group>"; };
		10F08F5420C50A8300583D4E /* Friend+CoreDataProperties.swift */ = {isa = PBXFileReference; fileEncoding = 4; lastKnownFileType = sourcecode.swift; path = "Friend+CoreDataProperties.swift"; sourceTree = "<group>"; };
		10F08F5520C50A8300583D4E /* Friend.swift */ = {isa = PBXFileReference; fileEncoding = 4; lastKnownFileType = sourcecode.swift; path = Friend.swift; sourceTree = "<group>"; };
		10F08F5620C50A8300583D4E /* Message+CoreDataProperties.swift */ = {isa = PBXFileReference; fileEncoding = 4; lastKnownFileType = sourcecode.swift; path = "Message+CoreDataProperties.swift"; sourceTree = "<group>"; };
		10F08F5720C50A8300583D4E /* Message.swift */ = {isa = PBXFileReference; fileEncoding = 4; lastKnownFileType = sourcecode.swift; path = Message.swift; sourceTree = "<group>"; };
/* End PBXFileReference section */

/* Begin PBXFrameworksBuildPhase section */
		1044BB1620C41FF400634266 /* Frameworks */ = {
			isa = PBXFrameworksBuildPhase;
			buildActionMask = 2147483647;
			files = (
			);
			runOnlyForDeploymentPostprocessing = 0;
		};
/* End PBXFrameworksBuildPhase section */

/* Begin PBXGroup section */
		1044BB1020C41FF300634266 = {
			isa = PBXGroup;
			children = (
				1044BB1B20C41FF400634266 /* MessangerApp */,
				1044BB1A20C41FF400634266 /* Products */,
			);
			sourceTree = "<group>";
		};
		1044BB1A20C41FF400634266 /* Products */ = {
			isa = PBXGroup;
			children = (
				1044BB1920C41FF400634266 /* MessangerApp.app */,
			);
			name = Products;
			sourceTree = "<group>";
		};
		1044BB1B20C41FF400634266 /* MessangerApp */ = {
			isa = PBXGroup;
			children = (
				1044BB1C20C41FF400634266 /* AppDelegate.swift */,
				1044BB1E20C41FF400634266 /* ViewController.swift */,
				1044BB2620C41FF400634266 /* Assets.xcassets */,
				1044BB2820C41FF400634266 /* LaunchScreen.storyboard */,
				1044BB2B20C41FF400634266 /* Info.plist */,
				1044BB2320C41FF400634266 /* MessangerApp.xcdatamodeld */,
				10F08F5220C4FB0700583D4E /* FriendsControllerHelper.swift */,
				10F08F5420C50A8300583D4E /* Friend+CoreDataProperties.swift */,
				10F08F5520C50A8300583D4E /* Friend.swift */,
				10F08F5620C50A8300583D4E /* Message+CoreDataProperties.swift */,
				10F08F5720C50A8300583D4E /* Message.swift */,
			);
			path = MessangerApp;
			sourceTree = "<group>";
		};
/* End PBXGroup section */

/* Begin PBXNativeTarget section */
		1044BB1820C41FF400634266 /* MessangerApp */ = {
			isa = PBXNativeTarget;
			buildConfigurationList = 1044BB2E20C41FF400634266 /* Build configuration list for PBXNativeTarget "MessangerApp" */;
			buildPhases = (
				1044BB1520C41FF400634266 /* Sources */,
				1044BB1620C41FF400634266 /* Frameworks */,
				1044BB1720C41FF400634266 /* Resources */,
			);
			buildRules = (
			);
			dependencies = (
			);
			name = MessangerApp;
			productName = MessangerApp;
			productReference = 1044BB1920C41FF400634266 /* MessangerApp.app */;
			productType = "com.apple.product-type.application";
		};
/* End PBXNativeTarget section */

/* Begin PBXProject section */
		1044BB1120C41FF300634266 /* Project object */ = {
			isa = PBXProject;
			attributes = {
				LastSwiftUpdateCheck = 0730;
				LastUpgradeCheck = 0730;
				ORGANIZATIONNAME = willix;
				TargetAttributes = {
					1044BB1820C41FF400634266 = {
						CreatedOnToolsVersion = 7.3.1;
						DevelopmentTeam = 6T9X2T6G7C;
					};
				};
			};
			buildConfigurationList = 1044BB1420C41FF300634266 /* Build configuration list for PBXProject "MessangerApp" */;
			compatibilityVersion = "Xcode 3.2";
			developmentRegion = English;
			hasScannedForEncodings = 0;
			knownRegions = (
				en,
				Base,
			);
			mainGroup = 1044BB1020C41FF300634266;
			productRefGroup = 1044BB1A20C41FF400634266 /* Products */;
			projectDirPath = "";
			projectRoot = "";
			targets = (
				1044BB1820C41FF400634266 /* MessangerApp */,
			);
		};
/* End PBXProject section */

/* Begin PBXResourcesBuildPhase section */
		1044BB1720C41FF400634266 /* Resources */ = {
			isa = PBXResourcesBuildPhase;
			buildActionMask = 2147483647;
			files = (
				1044BB2A20C41FF400634266 /* LaunchScreen.storyboard in Resources */,
				1044BB2720C41FF400634266 /* Assets.xcassets in Resources */,
			);
			runOnlyForDeploymentPostprocessing = 0;
		};
/* End PBXResourcesBuildPhase section */

/* Begin PBXSourcesBuildPhase section */
		1044BB1520C41FF400634266 /* Sources */ = {
			isa = PBXSourcesBuildPhase;
			buildActionMask = 2147483647;
			files = (
				1044BB2520C41FF400634266 /* MessangerApp.xcdatamodeld in Sources */,
				1044BB1F20C41FF400634266 /* ViewController.swift in Sources */,
				10F08F5820C50A8300583D4E /* Friend+CoreDataProperties.swift in Sources */,
				10F08F5920C50A8300583D4E /* Friend.swift in Sources */,
				10F08F5A20C50A8300583D4E /* Message+CoreDataProperties.swift in Sources */,
				10F08F5B20C50A8300583D4E /* Message.swift in Sources */,
				1044BB1D20C41FF400634266 /* AppDelegate.swift in Sources */,
				10F08F5320C4FB0700583D4E /* FriendsControllerHelper.swift in Sources */,
			);
			runOnlyForDeploymentPostprocessing = 0;
		};
/* End PBXSourcesBuildPhase section */

/* Begin PBXVariantGroup section */
		1044BB2820C41FF400634266 /* LaunchScreen.storyboard */ = {
			isa = PBXVariantGroup;
			children = (
				1044BB2920C41FF400634266 /* Base */,
			);
			name = LaunchScreen.storyboard;
			sourceTree = "<group>";
		};
/* End PBXVariantGroup section */

/* Begin XCBuildConfiguration section */
		1044BB2C20C41FF400634266 /* Debug */ = {
			isa = XCBuildConfiguration;
			buildSettings = {
				ALWAYS_SEARCH_USER_PATHS = NO;
				CLANG_ANALYZER_NONNULL = YES;
				CLANG_CXX_LANGUAGE_STANDARD = "gnu++0x";
				CLANG_CXX_LIBRARY = "libc++";
				CLANG_ENABLE_MODULES = YES;
				CLANG_ENABLE_OBJC_ARC = YES;
				CLANG_WARN_BOOL_CONVERSION = YES;
				CLANG_WARN_CONSTANT_CONVERSION = YES;
				CLANG_WARN_DIRECT_OBJC_ISA_USAGE = YES_ERROR;
				CLANG_WARN_EMPTY_BODY = YES;
				CLANG_WARN_ENUM_CONVERSION = YES;
				CLANG_WARN_INT_CONVERSION = YES;
				CLANG_WARN_OBJC_ROOT_CLASS = YES_ERROR;
				CLANG_WARN_UNREACHABLE_CODE = YES;
				CLANG_WARN__DUPLICATE_METHOD_MATCH = YES;
				"CODE_SIGN_IDENTITY[sdk=iphoneos*]" = "iPhone Developer";
				COPY_PHASE_STRIP = NO;
				DEBUG_INFORMATION_FORMAT = dwarf;
				ENABLE_STRICT_OBJC_MSGSEND = YES;
				ENABLE_TESTABILITY = YES;
				GCC_C_LANGUAGE_STANDARD = gnu99;
				GCC_DYNAMIC_NO_PIC = NO;
				GCC_NO_COMMON_BLOCKS = YES;
				GCC_OPTIMIZATION_LEVEL = 0;
				GCC_PREPROCESSOR_DEFINITIONS = (
					"DEBUG=1",
					"$(inherited)",
				);
				GCC_WARN_64_TO_32_BIT_CONVERSION = YES;
				GCC_WARN_ABOUT_RETURN_TYPE = YES_ERROR;
				GCC_WARN_UNDECLARED_SELECTOR = YES;
				GCC_WARN_UNINITIALIZED_AUTOS = YES_AGGRESSIVE;
				GCC_WARN_UNUSED_FUNCTION = YES;
				GCC_WARN_UNUSED_VARIABLE = YES;
				IPHONEOS_DEPLOYMENT_TARGET = 9.3;
				MTL_ENABLE_DEBUG_INFO = YES;
				ONLY_ACTIVE_ARCH = YES;
				SDKROOT = iphoneos;
				SWIFT_OPTIMIZATION_LEVEL = "-Onone";
				TARGETED_DEVICE_FAMILY = "1,2";
			};
			name = Debug;
		};
		1044BB2D20C41FF400634266 /* Release */ = {
			isa = XCBuildConfiguration;
			buildSettings = {
				ALWAYS_SEARCH_USER_PATHS = NO;
				CLANG_ANALYZER_NONNULL = YES;
				CLANG_CXX_LANGUAGE_STANDARD = "gnu++0x";
				CLANG_CXX_LIBRARY = "libc++";
				CLANG_ENABLE_MODULES = YES;
				CLANG_ENABLE_OBJC_ARC = YES;
				CLANG_WARN_BOOL_CONVERSION = YES;
				CLANG_WARN_CONSTANT_CONVERSION = YES;
				CLANG_WARN_DIRECT_OBJC_ISA_USAGE = YES_ERROR;
				CLANG_WARN_EMPTY_BODY = YES;
				CLANG_WARN_ENUM_CONVERSION = YES;
				CLANG_WARN_INT_CONVERSION = YES;
				CLANG_WARN_OBJC_ROOT_CLASS = YES_ERROR;
				CLANG_WARN_UNREACHABLE_CODE = YES;
				CLANG_WARN__DUPLICATE_METHOD_MATCH = YES;
				"CODE_SIGN_IDENTITY[sdk=iphoneos*]" = "iPhone Developer";
				COPY_PHASE_STRIP = NO;
				DEBUG_INFORMATION_FORMAT = "dwarf-with-dsym";
				ENABLE_NS_ASSERTIONS = NO;
				ENABLE_STRICT_OBJC_MSGSEND = YES;
				GCC_C_LANGUAGE_STANDARD = gnu99;
				GCC_NO_COMMON_BLOCKS = YES;
				GCC_WARN_64_TO_32_BIT_CONVERSION = YES;
				GCC_WARN_ABOUT_RETURN_TYPE = YES_ERROR;
				GCC_WARN_UNDECLARED_SELECTOR = YES;
				GCC_WARN_UNINITIALIZED_AUTOS = YES_AGGRESSIVE;
				GCC_WARN_UNUSED_FUNCTION = YES;
				GCC_WARN_UNUSED_VARIABLE = YES;
				IPHONEOS_DEPLOYMENT_TARGET = 9.3;
				MTL_ENABLE_DEBUG_INFO = NO;
				SDKROOT = iphoneos;
				TARGETED_DEVICE_FAMILY = "1,2";
				VALIDATE_PRODUCT = YES;
			};
			name = Release;
		};
		1044BB2F20C41FF400634266 /* Debug */ = {
			isa = XCBuildConfiguration;
			buildSettings = {
				ASSETCATALOG_COMPILER_APPICON_NAME = AppIcon;
				CODE_SIGN_IDENTITY = "iPhone Developer";
				INFOPLIST_FILE = MessangerApp/Info.plist;
				LD_RUNPATH_SEARCH_PATHS = "$(inherited) @executable_path/Frameworks";
				PRODUCT_BUNDLE_IDENTIFIER = com.willix.MessangerApp;
				PRODUCT_NAME = "$(TARGET_NAME)";
			};
			name = Debug;
		};
		1044BB3020C41FF400634266 /* Release */ = {
			isa = XCBuildConfiguration;
			buildSettings = {
				ASSETCATALOG_COMPILER_APPICON_NAME = AppIcon;
				CODE_SIGN_IDENTITY = "iPhone Developer";
				INFOPLIST_FILE = MessangerApp/Info.plist;
				LD_RUNPATH_SEARCH_PATHS = "$(inherited) @executable_path/Frameworks";
				PRODUCT_BUNDLE_IDENTIFIER = com.willix.MessangerApp;
				PRODUCT_NAME = "$(TARGET_NAME)";
			};
			name = Release;
		};
/* End XCBuildConfiguration section */

/* Begin XCConfigurationList section */
		1044BB1420C41FF300634266 /* Build configuration list for PBXProject "MessangerApp" */ = {
			isa = XCConfigurationList;
			buildConfigurations = (
				1044BB2C20C41FF400634266 /* Debug */,
				1044BB2D20C41FF400634266 /* Release */,
			);
			defaultConfigurationIsVisible = 0;
			defaultConfigurationName = Release;
		};
		1044BB2E20C41FF400634266 /* Build configuration list for PBXNativeTarget "MessangerApp" */ = {
			isa = XCConfigurationList;
			buildConfigurations = (
				1044BB2F20C41FF400634266 /* Debug */,
				1044BB3020C41FF400634266 /* Release */,
			);
			defaultConfigurationIsVisible = 0;
			defaultConfigurationName = Release;
		};
/* End XCConfigurationList section */

/* Begin XCVersionGroup section */
		1044BB2320C41FF400634266 /* MessangerApp.xcdatamodeld */ = {
			isa = XCVersionGroup;
			children = (
				1044BB2420C41FF400634266 /* MessangerApp.xcdatamodel */,
			);
			currentVersion = 1044BB2420C41FF400634266 /* MessangerApp.xcdatamodel */;
			path = MessangerApp.xcdatamodeld;
			sourceTree = "<group>";
			versionGroupType = wrapper.xcdatamodel;
		};
/* End XCVersionGroup section */
	};
	rootObject = 1044BB1120C41FF300634266 /* Project object */;
}
